// !$*UTF8*$!
{
	archiveVersion = 1;
	classes = {
	};
	objectVersion = 46;
	objects = {

/* Begin PBXBuildFile section */
		0B01A33C1CE6E7870059C654 /* main.m in Sources */ = {isa = PBXBuildFile; fileRef = 0B01A33B1CE6E7870059C654 /* main.m */; };
		0B01A33F1CE6E7870059C654 /* AppDelegate.m in Sources */ = {isa = PBXBuildFile; fileRef = 0B01A33E1CE6E7870059C654 /* AppDelegate.m */; };
		0B01A3421CE6E7870059C654 /* GSTouchIDViewController.m in Sources */ = {isa = PBXBuildFile; fileRef = 0B01A3411CE6E7870059C654 /* GSTouchIDViewController.m */; };
		0B01A3451CE6E7870059C654 /* Main.storyboard in Resources */ = {isa = PBXBuildFile; fileRef = 0B01A3431CE6E7870059C654 /* Main.storyboard */; };
		0B01A3471CE6E7870059C654 /* Assets.xcassets in Resources */ = {isa = PBXBuildFile; fileRef = 0B01A3461CE6E7870059C654 /* Assets.xcassets */; };
		0B01A34A1CE6E7870059C654 /* LaunchScreen.storyboard in Resources */ = {isa = PBXBuildFile; fileRef = 0B01A3481CE6E7870059C654 /* LaunchScreen.storyboard */; };
		0B01A3551CE6E7870059C654 /* TouchIDTests.m in Sources */ = {isa = PBXBuildFile; fileRef = 0B01A3541CE6E7870059C654 /* TouchIDTests.m */; };
		0B01A3601CE6E7870059C654 /* TouchIDUITests.m in Sources */ = {isa = PBXBuildFile; fileRef = 0B01A35F1CE6E7870059C654 /* TouchIDUITests.m */; };
		0B01A36E1CE6E7990059C654 /* LocalAuthentication.framework in Frameworks */ = {isa = PBXBuildFile; fileRef = 0B01A36D1CE6E7990059C654 /* LocalAuthentication.framework */; };
		0B7DC62A1CE81F0400A69F7D /* GSLoginDataViewController.m in Sources */ = {isa = PBXBuildFile; fileRef = 0B7DC6291CE81F0400A69F7D /* GSLoginDataViewController.m */; };
		0B7DC62D1CE828F300A69F7D /* GSNavigationCotroller.m in Sources */ = {isa = PBXBuildFile; fileRef = 0B7DC62C1CE828F300A69F7D /* GSNavigationCotroller.m */; };
/* End PBXBuildFile section */

/* Begin PBXContainerItemProxy section */
		0B01A3511CE6E7870059C654 /* PBXContainerItemProxy */ = {
			isa = PBXContainerItemProxy;
			containerPortal = 0B01A32F1CE6E7870059C654 /* Project object */;
			proxyType = 1;
			remoteGlobalIDString = 0B01A3361CE6E7870059C654;
			remoteInfo = TouchID;
		};
		0B01A35C1CE6E7870059C654 /* PBXContainerItemProxy */ = {
			isa = PBXContainerItemProxy;
			containerPortal = 0B01A32F1CE6E7870059C654 /* Project object */;
			proxyType = 1;
			remoteGlobalIDString = 0B01A3361CE6E7870059C654;
			remoteInfo = TouchID;
		};
/* End PBXContainerItemProxy section */

/* Begin PBXFileReference section */
		0B01A3371CE6E7870059C654 /* TouchID.app */ = {isa = PBXFileReference; explicitFileType = wrapper.application; includeInIndex = 0; path = TouchID.app; sourceTree = BUILT_PRODUCTS_DIR; };
		0B01A33B1CE6E7870059C654 /* main.m */ = {isa = PBXFileReference; lastKnownFileType = sourcecode.c.objc; path = main.m; sourceTree = "<group>"; };
		0B01A33D1CE6E7870059C654 /* AppDelegate.h */ = {isa = PBXFileReference; lastKnownFileType = sourcecode.c.h; path = AppDelegate.h; sourceTree = "<group>"; };
		0B01A33E1CE6E7870059C654 /* AppDelegate.m */ = {isa = PBXFileReference; lastKnownFileType = sourcecode.c.objc; path = AppDelegate.m; sourceTree = "<group>"; };
		0B01A3401CE6E7870059C654 /* GSTouchIDViewController.h */ = {isa = PBXFileReference; lastKnownFileType = sourcecode.c.h; path = GSTouchIDViewController.h; sourceTree = "<group>"; };
		0B01A3411CE6E7870059C654 /* GSTouchIDViewController.m */ = {isa = PBXFileReference; lastKnownFileType = sourcecode.c.objc; path = GSTouchIDViewController.m; sourceTree = "<group>"; };
		0B01A3441CE6E7870059C654 /* Base */ = {isa = PBXFileReference; lastKnownFileType = file.storyboard; name = Base; path = Base.lproj/Main.storyboard; sourceTree = "<group>"; };
		0B01A3461CE6E7870059C654 /* Assets.xcassets */ = {isa = PBXFileReference; lastKnownFileType = folder.assetcatalog; path = Assets.xcassets; sourceTree = "<group>"; };
		0B01A3491CE6E7870059C654 /* Base */ = {isa = PBXFileReference; lastKnownFileType = file.storyboard; name = Base; path = Base.lproj/LaunchScreen.storyboard; sourceTree = "<group>"; };
		0B01A34B1CE6E7870059C654 /* Info.plist */ = {isa = PBXFileReference; lastKnownFileType = text.plist.xml; path = Info.plist; sourceTree = "<group>"; };
		0B01A3501CE6E7870059C654 /* TouchIDTests.xctest */ = {isa = PBXFileReference; explicitFileType = wrapper.cfbundle; includeInIndex = 0; path = TouchIDTests.xctest; sourceTree = BUILT_PRODUCTS_DIR; };
		0B01A3541CE6E7870059C654 /* TouchIDTests.m */ = {isa = PBXFileReference; lastKnownFileType = sourcecode.c.objc; path = TouchIDTests.m; sourceTree = "<group>"; };
		0B01A3561CE6E7870059C654 /* Info.plist */ = {isa = PBXFileReference; lastKnownFileType = text.plist.xml; path = Info.plist; sourceTree = "<group>"; };
		0B01A35B1CE6E7870059C654 /* TouchIDUITests.xctest */ = {isa = PBXFileReference; explicitFileType = wrapper.cfbundle; includeInIndex = 0; path = TouchIDUITests.xctest; sourceTree = BUILT_PRODUCTS_DIR; };
		0B01A35F1CE6E7870059C654 /* TouchIDUITests.m */ = {isa = PBXFileReference; lastKnownFileType = sourcecode.c.objc; path = TouchIDUITests.m; sourceTree = "<group>"; };
		0B01A3611CE6E7870059C654 /* Info.plist */ = {isa = PBXFileReference; lastKnownFileType = text.plist.xml; path = Info.plist; sourceTree = "<group>"; };
		0B01A36D1CE6E7990059C654 /* LocalAuthentication.framework */ = {isa = PBXFileReference; lastKnownFileType = wrapper.framework; name = LocalAuthentication.framework; path = System/Library/Frameworks/LocalAuthentication.framework; sourceTree = SDKROOT; };
		0B7DC6281CE81F0400A69F7D /* GSLoginDataViewController.h */ = {isa = PBXFileReference; fileEncoding = 4; lastKnownFileType = sourcecode.c.h; path = GSLoginDataViewController.h; sourceTree = "<group>"; };
		0B7DC6291CE81F0400A69F7D /* GSLoginDataViewController.m */ = {isa = PBXFileReference; fileEncoding = 4; lastKnownFileType = sourcecode.c.objc; path = GSLoginDataViewController.m; sourceTree = "<group>"; };
		0B7DC62B1CE828F300A69F7D /* GSNavigationCotroller.h */ = {isa = PBXFileReference; fileEncoding = 4; lastKnownFileType = sourcecode.c.h; path = GSNavigationCotroller.h; sourceTree = "<group>"; };
		0B7DC62C1CE828F300A69F7D /* GSNavigationCotroller.m */ = {isa = PBXFileReference; fileEncoding = 4; lastKnownFileType = sourcecode.c.objc; path = GSNavigationCotroller.m; sourceTree = "<group>"; };
/* End PBXFileReference section */

/* Begin PBXFrameworksBuildPhase section */
		0B01A3341CE6E7870059C654 /* Frameworks */ = {
			isa = PBXFrameworksBuildPhase;
			buildActionMask = 2147483647;
			files = (
				0B01A36E1CE6E7990059C654 /* LocalAuthentication.framework in Frameworks */,
			);
			runOnlyForDeploymentPostprocessing = 0;
		};
		0B01A34D1CE6E7870059C654 /* Frameworks */ = {
			isa = PBXFrameworksBuildPhase;
			buildActionMask = 2147483647;
			files = (
			);
			runOnlyForDeploymentPostprocessing = 0;
		};
		0B01A3581CE6E7870059C654 /* Frameworks */ = {
			isa = PBXFrameworksBuildPhase;
			buildActionMask = 2147483647;
			files = (
			);
			runOnlyForDeploymentPostprocessing = 0;
		};
/* End PBXFrameworksBuildPhase section */

/* Begin PBXGroup section */
		0B01A32E1CE6E7870059C654 = {
			isa = PBXGroup;
			children = (
				0B01A36D1CE6E7990059C654 /* LocalAuthentication.framework */,
				0B01A3391CE6E7870059C654 /* TouchID */,
				0B01A3531CE6E7870059C654 /* TouchIDTests */,
				0B01A35E1CE6E7870059C654 /* TouchIDUITests */,
				0B01A3381CE6E7870059C654 /* Products */,
			);
			sourceTree = "<group>";
		};
		0B01A3381CE6E7870059C654 /* Products */ = {
			isa = PBXGroup;
			children = (
				0B01A3371CE6E7870059C654 /* TouchID.app */,
				0B01A3501CE6E7870059C654 /* TouchIDTests.xctest */,
				0B01A35B1CE6E7870059C654 /* TouchIDUITests.xctest */,
			);
			name = Products;
			sourceTree = "<group>";
		};
		0B01A3391CE6E7870059C654 /* TouchID */ = {
			isa = PBXGroup;
			children = (
				0B01A33D1CE6E7870059C654 /* AppDelegate.h */,
				0B01A33E1CE6E7870059C654 /* AppDelegate.m */,
				0B01A3401CE6E7870059C654 /* GSTouchIDViewController.h */,
				0B01A3411CE6E7870059C654 /* GSTouchIDViewController.m */,
				0B01A3431CE6E7870059C654 /* Main.storyboard */,
				0B7DC62B1CE828F300A69F7D /* GSNavigationCotroller.h */,
				0B7DC62C1CE828F300A69F7D /* GSNavigationCotroller.m */,
				0B7DC6281CE81F0400A69F7D /* GSLoginDataViewController.h */,
				0B7DC6291CE81F0400A69F7D /* GSLoginDataViewController.m */,
				0B01A3461CE6E7870059C654 /* Assets.xcassets */,
				0B01A3481CE6E7870059C654 /* LaunchScreen.storyboard */,
				0B01A34B1CE6E7870059C654 /* Info.plist */,
				0B01A33A1CE6E7870059C654 /* Supporting Files */,
			);
			path = TouchID;
			sourceTree = "<group>";
		};
		0B01A33A1CE6E7870059C654 /* Supporting Files */ = {
			isa = PBXGroup;
			children = (
				0B01A33B1CE6E7870059C654 /* main.m */,
			);
			name = "Supporting Files";
			sourceTree = "<group>";
		};
		0B01A3531CE6E7870059C654 /* TouchIDTests */ = {
			isa = PBXGroup;
			children = (
				0B01A3541CE6E7870059C654 /* TouchIDTests.m */,
				0B01A3561CE6E7870059C654 /* Info.plist */,
			);
			path = TouchIDTests;
			sourceTree = "<group>";
		};
		0B01A35E1CE6E7870059C654 /* TouchIDUITests */ = {
			isa = PBXGroup;
			children = (
				0B01A35F1CE6E7870059C654 /* TouchIDUITests.m */,
				0B01A3611CE6E7870059C654 /* Info.plist */,
			);
			path = TouchIDUITests;
			sourceTree = "<group>";
		};
/* End PBXGroup section */

/* Begin PBXNativeTarget section */
		0B01A3361CE6E7870059C654 /* TouchID */ = {
			isa = PBXNativeTarget;
			buildConfigurationList = 0B01A3641CE6E7870059C654 /* Build configuration list for PBXNativeTarget "TouchID" */;
			buildPhases = (
				0B01A3331CE6E7870059C654 /* Sources */,
				0B01A3341CE6E7870059C654 /* Frameworks */,
				0B01A3351CE6E7870059C654 /* Resources */,
			);
			buildRules = (
			);
			dependencies = (
			);
			name = TouchID;
			productName = TouchID;
			productReference = 0B01A3371CE6E7870059C654 /* TouchID.app */;
			productType = "com.apple.product-type.application";
		};
		0B01A34F1CE6E7870059C654 /* TouchIDTests */ = {
			isa = PBXNativeTarget;
			buildConfigurationList = 0B01A3671CE6E7870059C654 /* Build configuration list for PBXNativeTarget "TouchIDTests" */;
			buildPhases = (
				0B01A34C1CE6E7870059C654 /* Sources */,
				0B01A34D1CE6E7870059C654 /* Frameworks */,
				0B01A34E1CE6E7870059C654 /* Resources */,
			);
			buildRules = (
			);
			dependencies = (
				0B01A3521CE6E7870059C654 /* PBXTargetDependency */,
			);
			name = TouchIDTests;
			productName = TouchIDTests;
			productReference = 0B01A3501CE6E7870059C654 /* TouchIDTests.xctest */;
			productType = "com.apple.product-type.bundle.unit-test";
		};
		0B01A35A1CE6E7870059C654 /* TouchIDUITests */ = {
			isa = PBXNativeTarget;
			buildConfigurationList = 0B01A36A1CE6E7870059C654 /* Build configuration list for PBXNativeTarget "TouchIDUITests" */;
			buildPhases = (
				0B01A3571CE6E7870059C654 /* Sources */,
				0B01A3581CE6E7870059C654 /* Frameworks */,
				0B01A3591CE6E7870059C654 /* Resources */,
			);
			buildRules = (
			);
			dependencies = (
				0B01A35D1CE6E7870059C654 /* PBXTargetDependency */,
			);
			name = TouchIDUITests;
			productName = TouchIDUITests;
			productReference = 0B01A35B1CE6E7870059C654 /* TouchIDUITests.xctest */;
			productType = "com.apple.product-type.bundle.ui-testing";
		};
/* End PBXNativeTarget section */

/* Begin PBXProject section */
		0B01A32F1CE6E7870059C654 /* Project object */ = {
			isa = PBXProject;
			attributes = {
				LastUpgradeCheck = 0730;
				ORGANIZATIONNAME = "Gowri Sammandhamoorthy";
				TargetAttributes = {
					0B01A3361CE6E7870059C654 = {
						CreatedOnToolsVersion = 7.3;
						DevelopmentTeam = 7DSJS2DQ54;
					};
					0B01A34F1CE6E7870059C654 = {
						CreatedOnToolsVersion = 7.3;
						DevelopmentTeam = 7DSJS2DQ54;
						TestTargetID = 0B01A3361CE6E7870059C654;
					};
					0B01A35A1CE6E7870059C654 = {
						CreatedOnToolsVersion = 7.3;
						DevelopmentTeam = 7DSJS2DQ54;
						TestTargetID = 0B01A3361CE6E7870059C654;
					};
				};
			};
			buildConfigurationList = 0B01A3321CE6E7870059C654 /* Build configuration list for PBXProject "TouchID" */;
			compatibilityVersion = "Xcode 3.2";
			developmentRegion = English;
			hasScannedForEncodings = 0;
			knownRegions = (
				en,
				Base,
			);
			mainGroup = 0B01A32E1CE6E7870059C654;
			productRefGroup = 0B01A3381CE6E7870059C654 /* Products */;
			projectDirPath = "";
			projectRoot = "";
			targets = (
				0B01A3361CE6E7870059C654 /* TouchID */,
				0B01A34F1CE6E7870059C654 /* TouchIDTests */,
				0B01A35A1CE6E7870059C654 /* TouchIDUITests */,
			);
		};
/* End PBXProject section */

/* Begin PBXResourcesBuildPhase section */
		0B01A3351CE6E7870059C654 /* Resources */ = {
			isa = PBXResourcesBuildPhase;
			buildActionMask = 2147483647;
			files = (
				0B01A34A1CE6E7870059C654 /* LaunchScreen.storyboard in Resources */,
				0B01A3471CE6E7870059C654 /* Assets.xcassets in Resources */,
				0B01A3451CE6E7870059C654 /* Main.storyboard in Resources */,
			);
			runOnlyForDeploymentPostprocessing = 0;
		};
		0B01A34E1CE6E7870059C654 /* Resources */ = {
			isa = PBXResourcesBuildPhase;
			buildActionMask = 2147483647;
			files = (
			);
			runOnlyForDeploymentPostprocessing = 0;
		};
		0B01A3591CE6E7870059C654 /* Resources */ = {
			isa = PBXResourcesBuildPhase;
			buildActionMask = 2147483647;
			files = (
			);
			runOnlyForDeploymentPostprocessing = 0;
		};
/* End PBXResourcesBuildPhase section */

/* Begin PBXSourcesBuildPhase section */
		0B01A3331CE6E7870059C654 /* Sources */ = {
			isa = PBXSourcesBuildPhase;
			buildActionMask = 2147483647;
			files = (
				0B7DC62D1CE828F300A69F7D /* GSNavigationCotroller.m in Sources */,
				0B01A3421CE6E7870059C654 /* GSTouchIDViewController.m in Sources */,
				0B01A33F1CE6E7870059C654 /* AppDelegate.m in Sources */,
				0B7DC62A1CE81F0400A69F7D /* GSLoginDataViewController.m in Sources */,
				0B01A33C1CE6E7870059C654 /* main.m in Sources */,
			);
			runOnlyForDeploymentPostprocessing = 0;
		};
		0B01A34C1CE6E7870059C654 /* Sources */ = {
			isa = PBXSourcesBuildPhase;
			buildActionMask = 2147483647;
			files = (
				0B01A3551CE6E7870059C654 /* TouchIDTests.m in Sources */,
			);
			runOnlyForDeploymentPostprocessing = 0;
		};
		0B01A3571CE6E7870059C654 /* Sources */ = {
			isa = PBXSourcesBuildPhase;
			buildActionMask = 2147483647;
			files = (
				0B01A3601CE6E7870059C654 /* TouchIDUITests.m in Sources */,
			);
			runOnlyForDeploymentPostprocessing = 0;
		};
/* End PBXSourcesBuildPhase section */

/* Begin PBXTargetDependency section */
		0B01A3521CE6E7870059C654 /* PBXTargetDependency */ = {
			isa = PBXTargetDependency;
			target = 0B01A3361CE6E7870059C654 /* TouchID */;
			targetProxy = 0B01A3511CE6E7870059C654 /* PBXContainerItemProxy */;
		};
		0B01A35D1CE6E7870059C654 /* PBXTargetDependency */ = {
			isa = PBXTargetDependency;
			target = 0B01A3361CE6E7870059C654 /* TouchID */;
			targetProxy = 0B01A35C1CE6E7870059C654 /* PBXContainerItemProxy */;
		};
/* End PBXTargetDependency section */

/* Begin PBXVariantGroup section */
		0B01A3431CE6E7870059C654 /* Main.storyboard */ = {
			isa = PBXVariantGroup;
			children = (
				0B01A3441CE6E7870059C654 /* Base */,
			);
			name = Main.storyboard;
			sourceTree = "<group>";
		};
		0B01A3481CE6E7870059C654 /* LaunchScreen.storyboard */ = {
			isa = PBXVariantGroup;
			children = (
				0B01A3491CE6E7870059C654 /* Base */,
			);
			name = LaunchScreen.storyboard;
			sourceTree = "<group>";
		};
/* End PBXVariantGroup section */

/* Begin XCBuildConfiguration section */
		0B01A3621CE6E7870059C654 /* Debug */ = {
			isa = XCBuildConfiguration;
			buildSettings = {
				ALWAYS_SEARCH_USER_PATHS = NO;
				CLANG_ANALYZER_NONNULL = YES;
				CLANG_CXX_LANGUAGE_STANDARD = "gnu++0x";
				CLANG_CXX_LIBRARY = "libc++";
				CLANG_ENABLE_MODULES = YES;
				CLANG_ENABLE_OBJC_ARC = YES;
				CLANG_WARN_BOOL_CONVERSION = YES;
				CLANG_WARN_CONSTANT_CONVERSION = YES;
				CLANG_WARN_DIRECT_OBJC_ISA_USAGE = YES_ERROR;
				CLANG_WARN_EMPTY_BODY = YES;
				CLANG_WARN_ENUM_CONVERSION = YES;
				CLANG_WARN_INT_CONVERSION = YES;
				CLANG_WARN_OBJC_ROOT_CLASS = YES_ERROR;
				CLANG_WARN_UNREACHABLE_CODE = YES;
				CLANG_WARN__DUPLICATE_METHOD_MATCH = YES;
				"CODE_SIGN_IDENTITY[sdk=iphoneos*]" = "iPhone Developer";
				COPY_PHASE_STRIP = NO;
				DEBUG_INFORMATION_FORMAT = dwarf;
				ENABLE_STRICT_OBJC_MSGSEND = YES;
				ENABLE_TESTABILITY = YES;
				GCC_C_LANGUAGE_STANDARD = gnu99;
				GCC_DYNAMIC_NO_PIC = NO;
				GCC_NO_COMMON_BLOCKS = YES;
				GCC_OPTIMIZATION_LEVEL = 0;
				GCC_PREPROCESSOR_DEFINITIONS = (
					"DEBUG=1",
					"$(inherited)",
				);
				GCC_WARN_64_TO_32_BIT_CONVERSION = YES;
				GCC_WARN_ABOUT_RETURN_TYPE = YES_ERROR;
				GCC_WARN_UNDECLARED_SELECTOR = YES;
				GCC_WARN_UNINITIALIZED_AUTOS = YES_AGGRESSIVE;
				GCC_WARN_UNUSED_FUNCTION = YES;
				GCC_WARN_UNUSED_VARIABLE = YES;
				IPHONEOS_DEPLOYMENT_TARGET = 9.3;
				MTL_ENABLE_DEBUG_INFO = YES;
				ONLY_ACTIVE_ARCH = YES;
				SDKROOT = iphoneos;
			};
			name = Debug;
		};
		0B01A3631CE6E7870059C654 /* Release */ = {
			isa = XCBuildConfiguration;
			buildSettings = {
				ALWAYS_SEARCH_USER_PATHS = NO;
				CLANG_ANALYZER_NONNULL = YES;
				CLANG_CXX_LANGUAGE_STANDARD = "gnu++0x";
				CLANG_CXX_LIBRARY = "libc++";
				CLANG_ENABLE_MODULES = YES;
				CLANG_ENABLE_OBJC_ARC = YES;
				CLANG_WARN_BOOL_CONVERSION = YES;
				CLANG_WARN_CONSTANT_CONVERSION = YES;
				CLANG_WARN_DIRECT_OBJC_ISA_USAGE = YES_ERROR;
				CLANG_WARN_EMPTY_BODY = YES;
				CLANG_WARN_ENUM_CONVERSION = YES;
				CLANG_WARN_INT_CONVERSION = YES;
				CLANG_WARN_OBJC_ROOT_CLASS = YES_ERROR;
				CLANG_WARN_UNREACHABLE_CODE = YES;
				CLANG_WARN__DUPLICATE_METHOD_MATCH = YES;
				"CODE_SIGN_IDENTITY[sdk=iphoneos*]" = "iPhone Developer";
				COPY_PHASE_STRIP = NO;
				DEBUG_INFORMATION_FORMAT = "dwarf-with-dsym";
				ENABLE_NS_ASSERTIONS = NO;
				ENABLE_STRICT_OBJC_MSGSEND = YES;
				GCC_C_LANGUAGE_STANDARD = gnu99;
				GCC_NO_COMMON_BLOCKS = YES;
				GCC_WARN_64_TO_32_BIT_CONVERSION = YES;
				GCC_WARN_ABOUT_RETURN_TYPE = YES_ERROR;
				GCC_WARN_UNDECLARED_SELECTOR = YES;
				GCC_WARN_UNINITIALIZED_AUTOS = YES_AGGRESSIVE;
				GCC_WARN_UNUSED_FUNCTION = YES;
				GCC_WARN_UNUSED_VARIABLE = YES;
				IPHONEOS_DEPLOYMENT_TARGET = 9.3;
				MTL_ENABLE_DEBUG_INFO = NO;
				SDKROOT = iphoneos;
				VALIDATE_PRODUCT = YES;
			};
			name = Release;
		};
		0B01A3651CE6E7870059C654 /* Debug */ = {
			isa = XCBuildConfiguration;
			buildSettings = {
				ASSETCATALOG_COMPILER_APPICON_NAME = AppIcon;
				INFOPLIST_FILE = TouchID/Info.plist;
				LD_RUNPATH_SEARCH_PATHS = "$(inherited) @executable_path/Frameworks";
				PRODUCT_BUNDLE_IDENTIFIER = att.TouchID;
				PRODUCT_NAME = "$(TARGET_NAME)";
			};
			name = Debug;
		};
		0B01A3661CE6E7870059C654 /* Release */ = {
			isa = XCBuildConfiguration;
			buildSettings = {
				ASSETCATALOG_COMPILER_APPICON_NAME = AppIcon;
				INFOPLIST_FILE = TouchID/Info.plist;
				LD_RUNPATH_SEARCH_PATHS = "$(inherited) @executable_path/Frameworks";
				PRODUCT_BUNDLE_IDENTIFIER = att.TouchID;
				PRODUCT_NAME = "$(TARGET_NAME)";
			};
			name = Release;
		};
		0B01A3681CE6E7870059C654 /* Debug */ = {
			isa = XCBuildConfiguration;
			buildSettings = {
				BUNDLE_LOADER = "$(TEST_HOST)";
				INFOPLIST_FILE = TouchIDTests/Info.plist;
				LD_RUNPATH_SEARCH_PATHS = "$(inherited) @executable_path/Frameworks @loader_path/Frameworks";
				PRODUCT_BUNDLE_IDENTIFIER = att.TouchIDTests;
				PRODUCT_NAME = "$(TARGET_NAME)";
				TEST_HOST = "$(BUILT_PRODUCTS_DIR)/TouchID.app/TouchID";
			};
			name = Debug;
		};
		0B01A3691CE6E7870059C654 /* Release */ = {
			isa = XCBuildConfiguration;
			buildSettings = {
				BUNDLE_LOADER = "$(TEST_HOST)";
				INFOPLIST_FILE = TouchIDTests/Info.plist;
				LD_RUNPATH_SEARCH_PATHS = "$(inherited) @executable_path/Frameworks @loader_path/Frameworks";
				PRODUCT_BUNDLE_IDENTIFIER = att.TouchIDTests;
				PRODUCT_NAME = "$(TARGET_NAME)";
				TEST_HOST = "$(BUILT_PRODUCTS_DIR)/TouchID.app/TouchID";
			};
			name = Release;
		};
		0B01A36B1CE6E7870059C654 /* Debug */ = {
			isa = XCBuildConfiguration;
			buildSettings = {
				INFOPLIST_FILE = TouchIDUITests/Info.plist;
				LD_RUNPATH_SEARCH_PATHS = "$(inherited) @executable_path/Frameworks @loader_path/Frameworks";
				PRODUCT_BUNDLE_IDENTIFIER = att.TouchIDUITests;
				PRODUCT_NAME = "$(TARGET_NAME)";
				TEST_TARGET_NAME = TouchID;
			};
			name = Debug;
		};
		0B01A36C1CE6E7870059C654 /* Release */ = {
			isa = XCBuildConfiguration;
			buildSettings = {
				INFOPLIST_FILE = TouchIDUITests/Info.plist;
				LD_RUNPATH_SEARCH_PATHS = "$(inherited) @executable_path/Frameworks @loader_path/Frameworks";
				PRODUCT_BUNDLE_IDENTIFIER = att.TouchIDUITests;
				PRODUCT_NAME = "$(TARGET_NAME)";
				TEST_TARGET_NAME = TouchID;
			};
			name = Release;
		};
/* End XCBuildConfiguration section */

/* Begin XCConfigurationList section */
		0B01A3321CE6E7870059C654 /* Build configuration list for PBXProject "TouchID" */ = {
			isa = XCConfigurationList;
			buildConfigurations = (
				0B01A3621CE6E7870059C654 /* Debug */,
				0B01A3631CE6E7870059C654 /* Release */,
			);
			defaultConfigurationIsVisible = 0;
			defaultConfigurationName = Release;
		};
		0B01A3641CE6E7870059C654 /* Build configuration list for PBXNativeTarget "TouchID" */ = {
			isa = XCConfigurationList;
			buildConfigurations = (
				0B01A3651CE6E7870059C654 /* Debug */,
				0B01A3661CE6E7870059C654 /* Release */,
			);
			defaultConfigurationIsVisible = 0;
			defaultConfigurationName = Release;
		};
		0B01A3671CE6E7870059C654 /* Build configuration list for PBXNativeTarget "TouchIDTests" */ = {
			isa = XCConfigurationList;
			buildConfigurations = (
				0B01A3681CE6E7870059C654 /* Debug */,
				0B01A3691CE6E7870059C654 /* Release */,
			);
			defaultConfigurationIsVisible = 0;
			defaultConfigurationName = Release;
		};
		0B01A36A1CE6E7870059C654 /* Build configuration list for PBXNativeTarget "TouchIDUITests" */ = {
			isa = XCConfigurationList;
			buildConfigurations = (
				0B01A36B1CE6E7870059C654 /* Debug */,
				0B01A36C1CE6E7870059C654 /* Release */,
			);
			defaultConfigurationIsVisible = 0;
			defaultConfigurationName = Release;
		};
/* End XCConfigurationList section */
	};
	rootObject = 0B01A32F1CE6E7870059C654 /* Project object */;
}
